lockfileVersion: '9.0'

settings:
  autoInstallPeers: true
  excludeLinksFromLockfile: false

importers:

  .:
    devDependencies:
      turbo:
        specifier: latest
        version: 2.9.2
      typescript:
        specifier: latest
        version: 6.0.2

packages:

  '@turbo/darwin-64@2.9.2':
    resolution: {integrity: sha512-yg0qdthTUuV/K0oJB9t8YGweW1hOefQ+NTiSA6gw/mwAqqifCvAXH/kDkvVj/fFP9+wzoQ4WjyAF5/syDbCIHA==}
    cpu: [x64]
    os: [darwin]

  '@turbo/darwin-arm64@2.9.2':
    resolution: {integrity: sha512-x4H9U8cXZob3oqTleKOEdY89OCWwLX3qVRpW0NeZg+CHDXemYD+PhACjwjvh7orIlhmmq2Lk+7iO7b34kphFig==}
    cpu: [arm64]
    os: [darwin]

  '@turbo/linux-64@2.9.2':
    resolution: {integrity: sha512-fxbpor8zvRtaf75sfloNTaBkl487JECSVDrXXMGlwR3+Qmq7yStUE+ccQddPu+nKqYD46QxDspk8KZvT78SBSg==}
    cpu: [x64]
    os: [linux]

  '@turbo/linux-arm64@2.9.2':
    resolution: {integrity: sha512-ufMQcCQMi8kzHbEA+FihPaRdrPQC1vUO0LQ9oU/LGWlnc+RVyDlvH9l9x0BWoS7HLyHK8hbqLf3O2ml/ZLMEIw==}
    cpu: [arm64]
    os: [linux]

  '@turbo/windows-64@2.9.2':
    resolution: {integrity: sha512-SOELKum/pjdJWKQb+RU/OEAlNtWJKfjjYUA9QhYxBvIT26SyfWgY+ecZ7QlVWt+xnEdQyC6BkYlWR546KxPO5w==}
    cpu: [x64]
    os: [win32]

  '@turbo/windows-arm64@2.9.2':
    resolution: {integrity: sha512-qPFjErR4MrKo71lNfqgUNaajftZN2nyaOsSxMSb2NI+5r/zlB26yjXUKYvADGg4EWvaLTJPIzgZDT9ZX+WN9bw==}
    cpu: [arm64]
    os: [win32]

  turbo@2.9.2:
    resolution: {integrity: sha512-DUUWysctg/vax8W05UJcyrHm4LvxtX0umAT4bZB5lab4inNXTbwoYSFpdgqzBxON23j8ls3xGxvx0kwQz6Q8wQ==}
    hasBin: true

  typescript@6.0.2:
    resolution: {integrity: sha512-bGdAIrZ0wiGDo5l8c++HWtbaNCWTS4UTv7RaTH/ThVIgjkveJt83m74bBHMJkuCbslY8ixgLBVZJIOiQlQTjfQ==}
    engines: {node: '>=14.17'}
    hasBin: true

snapshots:

  '@turbo/darwin-64@2.9.2':
    optional: true

  '@turbo/darwin-arm64@2.9.2':
    optional: true

  '@turbo/linux-64@2.9.2':
    optional: true

  '@turbo/linux-arm64@2.9.2':
    optional: true

  '@turbo/windows-64@2.9.2':
    optional: true

  '@turbo/windows-arm64@2.9.2':
    optional: true

  turbo@2.9.2:
    optionalDependencies:
      '@turbo/darwin-64': 2.9.2
      '@turbo/darwin-arm64': 2.9.2
      '@turbo/linux-64': 2.9.2
      '@turbo/linux-arm64': 2.9.2
      '@turbo/windows-64': 2.9.2
      '@turbo/windows-arm64': 2.9.2

  typescript@6.0.2: {}
